
Microsoft Visual Studio Solution File, Format Version 12.00
# Visual Studio 14
VisualStudioVersion = 14.0.25420.1
MinimumVisualStudioVersion = 10.0.40219.1
Project("{FAE04EC0-301F-11D3-BF4B-00C04F79EFBC}") = "CMS", "CMS\CMS.csproj", "{0D3559FC-44CA-4F54-AF3D-B4614C717399}"
EndProject
Project("{FAE04EC0-301F-11D3-BF4B-00C04F79EFBC}") = "Web", "Web\Web.csproj", "{C711573D-068A-4697-9EAA-E5312D4AA53F}"
EndProject
Project("{FAE04EC0-301F-11D3-BF4B-00C04F79EFBC}") = "Core", "Core\Core.csproj", "{DA123762-D2B1-4837-AD32-86C99E0B0D39}"
EndProject
Project("{FAE04EC0-301F-11D3-BF4B-00C04F79EFBC}") = "API", "API\API.csproj", "{6C722BC2-B2C8-43D3-BBC8-342A0C90D3FF}"
EndProject
Global
	GlobalSection(SolutionConfigurationPlatforms) = preSolution
		Debug|Any CPU = Debug|Any CPU
		Release|Any CPU = Release|Any CPU
	EndGlobalSection
	GlobalSection(ProjectConfigurationPlatforms) = postSolution
		{0D3559FC-44CA-4F54-AF3D-B4614C717399}.Debug|Any CPU.ActiveCfg = Debug|Any CPU
		{0D3559FC-44CA-4F54-AF3D-B4614C717399}.Debug|Any CPU.Build.0 = Debug|Any CPU
		{0D3559FC-44CA-4F54-AF3D-B4614C717399}.Release|Any CPU.ActiveCfg = Release|Any CPU
		{0D3559FC-44CA-4F54-AF3D-B4614C717399}.Release|Any CPU.Build.0 = Release|Any CPU
		{C711573D-068A-4697-9EAA-E5312D4AA53F}.Debug|Any CPU.ActiveCfg = Debug|Any CPU
		{C711573D-068A-4697-9EAA-E5312D4AA53F}.Debug|Any CPU.Build.0 = Debug|Any CPU
		{C711573D-068A-4697-9EAA-E5312D4AA53F}.Release|Any CPU.ActiveCfg = Release|Any CPU
		{C711573D-068A-4697-9EAA-E5312D4AA53F}.Release|Any CPU.Build.0 = Release|Any CPU
		{DA123762-D2B1-4837-AD32-86C99E0B0D39}.Debug|Any CPU.ActiveCfg = Debug|Any CPU
		{DA123762-D2B1-4837-AD32-86C99E0B0D39}.Debug|Any CPU.Build.0 = Debug|Any CPU
		{DA123762-D2B1-4837-AD32-86C99E0B0D39}.Release|Any CPU.ActiveCfg = Release|Any CPU
		{DA123762-D2B1-4837-AD32-86C99E0B0D39}.Release|Any CPU.Build.0 = Release|Any CPU
		{6C722BC2-B2C8-43D3-BBC8-342A0C90D3FF}.Debug|Any CPU.ActiveCfg = Debug|Any CPU
		{6C722BC2-B2C8-43D3-BBC8-342A0C90D3FF}.Debug|Any CPU.Build.0 = Debug|Any CPU
		{6C722BC2-B2C8-43D3-BBC8-342A0C90D3FF}.Release|Any CPU.ActiveCfg = Release|Any CPU
		{6C722BC2-B2C8-43D3-BBC8-342A0C90D3FF}.Release|Any CPU.Build.0 = Release|Any CPU
	EndGlobalSection
	GlobalSection(SolutionProperties) = preSolution
		HideSolutionNode = FALSE
	EndGlobalSection
EndGlobal
